// !$*UTF8*$!
{
	archiveVersion = 1;
	classes = {
	};
	objectVersion = 55;
	objects = {

/* Begin PBXBuildFile section */
		F63B33462707290F004677AD /* learningiOS15App.swift in Sources */ = {isa = PBXBuildFile; fileRef = F63B33452707290F004677AD /* learningiOS15App.swift */; };
		F63B33482707290F004677AD /* ContentView.swift in Sources */ = {isa = PBXBuildFile; fileRef = F63B33472707290F004677AD /* ContentView.swift */; };
		F63B334A27072911004677AD /* Assets.xcassets in Resources */ = {isa = PBXBuildFile; fileRef = F63B334927072911004677AD /* Assets.xcassets */; };
		F63B334D27072911004677AD /* Preview Assets.xcassets in Resources */ = {isa = PBXBuildFile; fileRef = F63B334C27072911004677AD /* Preview Assets.xcassets */; };
		F63B335827072B45004677AD /* Header.swift in Sources */ = {isa = PBXBuildFile; fileRef = F63B335727072B45004677AD /* Header.swift */; };
		F63B335A27072C81004677AD /* Desc.swift in Sources */ = {isa = PBXBuildFile; fileRef = F63B335927072C81004677AD /* Desc.swift */; };
		F63B335D27073102004677AD /* InspectionView.swift in Sources */ = {isa = PBXBuildFile; fileRef = F63B335C27073102004677AD /* InspectionView.swift */; };
		F63B335F270735C1004677AD /* Unit.swift in Sources */ = {isa = PBXBuildFile; fileRef = F63B335E270735C1004677AD /* Unit.swift */; };
		F63B3361270736AA004677AD /* InspectionViewModel.swift in Sources */ = {isa = PBXBuildFile; fileRef = F63B3360270736AA004677AD /* InspectionViewModel.swift */; };
/* End PBXBuildFile section */

/* Begin PBXFileReference section */
		F63B33422707290F004677AD /* learningiOS15.app */ = {isa = PBXFileReference; explicitFileType = wrapper.application; includeInIndex = 0; path = learningiOS15.app; sourceTree = BUILT_PRODUCTS_DIR; };
		F63B33452707290F004677AD /* learningiOS15App.swift */ = {isa = PBXFileReference; lastKnownFileType = sourcecode.swift; path = learningiOS15App.swift; sourceTree = "<group>"; };
		F63B33472707290F004677AD /* ContentView.swift */ = {isa = PBXFileReference; lastKnownFileType = sourcecode.swift; path = ContentView.swift; sourceTree = "<group>"; };
		F63B334927072911004677AD /* Assets.xcassets */ = {isa = PBXFileReference; lastKnownFileType = folder.assetcatalog; path = Assets.xcassets; sourceTree = "<group>"; };
		F63B334C27072911004677AD /* Preview Assets.xcassets */ = {isa = PBXFileReference; lastKnownFileType = folder.assetcatalog; path = "Preview Assets.xcassets"; sourceTree = "<group>"; };
		F63B335727072B45004677AD /* Header.swift */ = {isa = PBXFileReference; lastKnownFileType = sourcecode.swift; path = Header.swift; sourceTree = "<group>"; };
		F63B335927072C81004677AD /* Desc.swift */ = {isa = PBXFileReference; lastKnownFileType = sourcecode.swift; path = Desc.swift; sourceTree = "<group>"; };
		F63B335C27073102004677AD /* InspectionView.swift */ = {isa = PBXFileReference; lastKnownFileType = sourcecode.swift; path = InspectionView.swift; sourceTree = "<group>"; };
		F63B335E270735C1004677AD /* Unit.swift */ = {isa = PBXFileReference; lastKnownFileType = sourcecode.swift; path = Unit.swift; sourceTree = "<group>"; };
		F63B3360270736AA004677AD /* InspectionViewModel.swift */ = {isa = PBXFileReference; lastKnownFileType = sourcecode.swift; path = InspectionViewModel.swift; sourceTree = "<group>"; };
/* End PBXFileReference section */

/* Begin PBXFrameworksBuildPhase section */
		F63B333F2707290F004677AD /* Frameworks */ = {
			isa = PBXFrameworksBuildPhase;
			buildActionMask = 2147483647;
			files = (
			);
			runOnlyForDeploymentPostprocessing = 0;
		};
/* End PBXFrameworksBuildPhase section */

/* Begin PBXGroup section */
		F63B33392707290E004677AD = {
			isa = PBXGroup;
			children = (
				F63B33442707290F004677AD /* learningiOS15 */,
				F63B33432707290F004677AD /* Products */,
			);
			sourceTree = "<group>";
		};
		F63B33432707290F004677AD /* Products */ = {
			isa = PBXGroup;
			children = (
				F63B33422707290F004677AD /* learningiOS15.app */,
			);
			name = Products;
			sourceTree = "<group>";
		};
		F63B33442707290F004677AD /* learningiOS15 */ = {
			isa = PBXGroup;
			children = (
				F63B335527072B17004677AD /* Model */,
				F63B335427072B06004677AD /* ViewModel */,
				F63B335327072A39004677AD /* View */,
				F63B33452707290F004677AD /* learningiOS15App.swift */,
				F63B33472707290F004677AD /* ContentView.swift */,
				F63B334927072911004677AD /* Assets.xcassets */,
				F63B334B27072911004677AD /* Preview Content */,
			);
			path = learningiOS15;
			sourceTree = "<group>";
		};
		F63B334B27072911004677AD /* Preview Content */ = {
			isa = PBXGroup;
			children = (
				F63B334C27072911004677AD /* Preview Assets.xcassets */,
			);
			path = "Preview Content";
			sourceTree = "<group>";
		};
		F63B335327072A39004677AD /* View */ = {
			isa = PBXGroup;
			children = (
				F63B335B270730EC004677AD /* Screen */,
				F63B335627072B29004677AD /* Header */,
			);
			path = View;
			sourceTree = "<group>";
		};
		F63B335427072B06004677AD /* ViewModel */ = {
			isa = PBXGroup;
			children = (
				F63B3360270736AA004677AD /* InspectionViewModel.swift */,
			);
			path = ViewModel;
			sourceTree = "<group>";
		};
		F63B335527072B17004677AD /* Model */ = {
			isa = PBXGroup;
			children = (
				F63B335E270735C1004677AD /* Unit.swift */,
			);
			path = Model;
			sourceTree = "<group>";
		};
		F63B335627072B29004677AD /* Header */ = {
			isa = PBXGroup;
			children = (
				F63B335727072B45004677AD /* Header.swift */,
				F63B335927072C81004677AD /* Desc.swift */,
			);
			path = Header;
			sourceTree = "<group>";
		};
		F63B335B270730EC004677AD /* Screen */ = {
			isa = PBXGroup;
			children = (
				F63B335C27073102004677AD /* InspectionView.swift */,
			);
			path = Screen;
			sourceTree = "<group>";
		};
/* End PBXGroup section */

/* Begin PBXNativeTarget section */
		F63B33412707290F004677AD /* learningiOS15 */ = {
			isa = PBXNativeTarget;
			buildConfigurationList = F63B335027072911004677AD /* Build configuration list for PBXNativeTarget "learningiOS15" */;
			buildPhases = (
				F63B333E2707290F004677AD /* Sources */,
				F63B333F2707290F004677AD /* Frameworks */,
				F63B33402707290F004677AD /* Resources */,
			);
			buildRules = (
			);
			dependencies = (
			);
			name = learningiOS15;
			productName = learningiOS15;
			productReference = F63B33422707290F004677AD /* learningiOS15.app */;
			productType = "com.apple.product-type.application";
		};
/* End PBXNativeTarget section */

/* Begin PBXProject section */
		F63B333A2707290E004677AD /* Project object */ = {
			isa = PBXProject;
			attributes = {
				BuildIndependentTargetsInParallel = 1;
				LastSwiftUpdateCheck = 1300;
				LastUpgradeCheck = 1300;
				TargetAttributes = {
					F63B33412707290F004677AD = {
						CreatedOnToolsVersion = 13.0;
					};
				};
			};
			buildConfigurationList = F63B333D2707290E004677AD /* Build configuration list for PBXProject "learningiOS15" */;
			compatibilityVersion = "Xcode 13.0";
			developmentRegion = en;
			hasScannedForEncodings = 0;
			knownRegions = (
				en,
				Base,
			);
			mainGroup = F63B33392707290E004677AD;
			productRefGroup = F63B33432707290F004677AD /* Products */;
			projectDirPath = "";
			projectRoot = "";
			targets = (
				F63B33412707290F004677AD /* learningiOS15 */,
			);
		};
/* End PBXProject section */

/* Begin PBXResourcesBuildPhase section */
		F63B33402707290F004677AD /* Resources */ = {
			isa = PBXResourcesBuildPhase;
			buildActionMask = 2147483647;
			files = (
				F63B334D27072911004677AD /* Preview Assets.xcassets in Resources */,
				F63B334A27072911004677AD /* Assets.xcassets in Resources */,
			);
			runOnlyForDeploymentPostprocessing = 0;
		};
/* End PBXResourcesBuildPhase section */

/* Begin PBXSourcesBuildPhase section */
		F63B333E2707290F004677AD /* Sources */ = {
			isa = PBXSourcesBuildPhase;
			buildActionMask = 2147483647;
			files = (
				F63B335A27072C81004677AD /* Desc.swift in Sources */,
				F63B335D27073102004677AD /* InspectionView.swift in Sources */,
				F63B33482707290F004677AD /* ContentView.swift in Sources */,
				F63B335F270735C1004677AD /* Unit.swift in Sources */,
				F63B335827072B45004677AD /* Header.swift in Sources */,
				F63B33462707290F004677AD /* learningiOS15App.swift in Sources */,
				F63B3361270736AA004677AD /* InspectionViewModel.swift in Sources */,
			);
			runOnlyForDeploymentPostprocessing = 0;
		};
/* End PBXSourcesBuildPhase section */

/* Begin XCBuildConfiguration section */
		F63B334E27072911004677AD /* Debug */ = {
			isa = XCBuildConfiguration;
			buildSettings = {
				ALWAYS_SEARCH_USER_PATHS = NO;
				CLANG_ANALYZER_NONNULL = YES;
				CLANG_ANALYZER_NUMBER_OBJECT_CONVERSION = YES_AGGRESSIVE;
				CLANG_CXX_LANGUAGE_STANDARD = "gnu++17";
				CLANG_CXX_LIBRARY = "libc++";
				CLANG_ENABLE_MODULES = YES;
				CLANG_ENABLE_OBJC_ARC = YES;
				CLANG_ENABLE_OBJC_WEAK = YES;
				CLANG_WARN_BLOCK_CAPTURE_AUTORELEASING = YES;
				CLANG_WARN_BOOL_CONVERSION = YES;
				CLANG_WARN_COMMA = YES;
				CLANG_WARN_CONSTANT_CONVERSION = YES;
				CLANG_WARN_DEPRECATED_OBJC_IMPLEMENTATIONS = YES;
				CLANG_WARN_DIRECT_OBJC_ISA_USAGE = YES_ERROR;
				CLANG_WARN_DOCUMENTATION_COMMENTS = YES;
				CLANG_WARN_EMPTY_BODY = YES;
				CLANG_WARN_ENUM_CONVERSION = YES;
				CLANG_WARN_INFINITE_RECURSION = YES;
				CLANG_WARN_INT_CONVERSION = YES;
				CLANG_WARN_NON_LITERAL_NULL_CONVERSION = YES;
				CLANG_WARN_OBJC_IMPLICIT_RETAIN_SELF = YES;
				CLANG_WARN_OBJC_LITERAL_CONVERSION = YES;
				CLANG_WARN_OBJC_ROOT_CLASS = YES_ERROR;
				CLANG_WARN_QUOTED_INCLUDE_IN_FRAMEWORK_HEADER = YES;
				CLANG_WARN_RANGE_LOOP_ANALYSIS = YES;
				CLANG_WARN_STRICT_PROTOTYPES = YES;
				CLANG_WARN_SUSPICIOUS_MOVE = YES;
				CLANG_WARN_UNGUARDED_AVAILABILITY = YES_AGGRESSIVE;
				CLANG_WARN_UNREACHABLE_CODE = YES;
				CLANG_WARN__DUPLICATE_METHOD_MATCH = YES;
				COPY_PHASE_STRIP = NO;
				DEBUG_INFORMATION_FORMAT = dwarf;
				ENABLE_STRICT_OBJC_MSGSEND = YES;
				ENABLE_TESTABILITY = YES;
				GCC_C_LANGUAGE_STANDARD = gnu11;
				GCC_DYNAMIC_NO_PIC = NO;
				GCC_NO_COMMON_BLOCKS = YES;
				GCC_OPTIMIZATION_LEVEL = 0;
				GCC_PREPROCESSOR_DEFINITIONS = (
					"DEBUG=1",
					"$(inherited)",
				);
				GCC_WARN_64_TO_32_BIT_CONVERSION = YES;
				GCC_WARN_ABOUT_RETURN_TYPE = YES_ERROR;
				GCC_WARN_UNDECLARED_SELECTOR = YES;
				GCC_WARN_UNINITIALIZED_AUTOS = YES_AGGRESSIVE;
				GCC_WARN_UNUSED_FUNCTION = YES;
				GCC_WARN_UNUSED_VARIABLE = YES;
				IPHONEOS_DEPLOYMENT_TARGET = 15.0;
				MTL_ENABLE_DEBUG_INFO = INCLUDE_SOURCE;
				MTL_FAST_MATH = YES;
				ONLY_ACTIVE_ARCH = YES;
				SDKROOT = iphoneos;
				SWIFT_ACTIVE_COMPILATION_CONDITIONS = DEBUG;
				SWIFT_OPTIMIZATION_LEVEL = "-Onone";
			};
			name = Debug;
		};
		F63B334F27072911004677AD /* Release */ = {
			isa = XCBuildConfiguration;
			buildSettings = {
				ALWAYS_SEARCH_USER_PATHS = NO;
				CLANG_ANALYZER_NONNULL = YES;
				CLANG_ANALYZER_NUMBER_OBJECT_CONVERSION = YES_AGGRESSIVE;
				CLANG_CXX_LANGUAGE_STANDARD = "gnu++17";
				CLANG_CXX_LIBRARY = "libc++";
				CLANG_ENABLE_MODULES = YES;
				CLANG_ENABLE_OBJC_ARC = YES;
				CLANG_ENABLE_OBJC_WEAK = YES;
				CLANG_WARN_BLOCK_CAPTURE_AUTORELEASING = YES;
				CLANG_WARN_BOOL_CONVERSION = YES;
				CLANG_WARN_COMMA = YES;
				CLANG_WARN_CONSTANT_CONVERSION = YES;
				CLANG_WARN_DEPRECATED_OBJC_IMPLEMENTATIONS = YES;
				CLANG_WARN_DIRECT_OBJC_ISA_USAGE = YES_ERROR;
				CLANG_WARN_DOCUMENTATION_COMMENTS = YES;
				CLANG_WARN_EMPTY_BODY = YES;
				CLANG_WARN_ENUM_CONVERSION = YES;
				CLANG_WARN_INFINITE_RECURSION = YES;
				CLANG_WARN_INT_CONVERSION = YES;
				CLANG_WARN_NON_LITERAL_NULL_CONVERSION = YES;
				CLANG_WARN_OBJC_IMPLICIT_RETAIN_SELF = YES;
				CLANG_WARN_OBJC_LITERAL_CONVERSION = YES;
				CLANG_WARN_OBJC_ROOT_CLASS = YES_ERROR;
				CLANG_WARN_QUOTED_INCLUDE_IN_FRAMEWORK_HEADER = YES;
				CLANG_WARN_RANGE_LOOP_ANALYSIS = YES;
				CLANG_WARN_STRICT_PROTOTYPES = YES;
				CLANG_WARN_SUSPICIOUS_MOVE = YES;
				CLANG_WARN_UNGUARDED_AVAILABILITY = YES_AGGRESSIVE;
				CLANG_WARN_UNREACHABLE_CODE = YES;
				CLANG_WARN__DUPLICATE_METHOD_MATCH = YES;
				COPY_PHASE_STRIP = NO;
				DEBUG_INFORMATION_FORMAT = "dwarf-with-dsym";
				ENABLE_NS_ASSERTIONS = NO;
				ENABLE_STRICT_OBJC_MSGSEND = YES;
				GCC_C_LANGUAGE_STANDARD = gnu11;
				GCC_NO_COMMON_BLOCKS = YES;
				GCC_WARN_64_TO_32_BIT_CONVERSION = YES;
				GCC_WARN_ABOUT_RETURN_TYPE = YES_ERROR;
				GCC_WARN_UNDECLARED_SELECTOR = YES;
				GCC_WARN_UNINITIALIZED_AUTOS = YES_AGGRESSIVE;
				GCC_WARN_UNUSED_FUNCTION = YES;
				GCC_WARN_UNUSED_VARIABLE = YES;
				IPHONEOS_DEPLOYMENT_TARGET = 15.0;
				MTL_ENABLE_DEBUG_INFO = NO;
				MTL_FAST_MATH = YES;
				SDKROOT = iphoneos;
				SWIFT_COMPILATION_MODE = wholemodule;
				SWIFT_OPTIMIZATION_LEVEL = "-O";
				VALIDATE_PRODUCT = YES;
			};
			name = Release;
		};
		F63B335127072911004677AD /* Debug */ = {
			isa = XCBuildConfiguration;
			buildSettings = {
				ASSETCATALOG_COMPILER_APPICON_NAME = AppIcon;
				ASSETCATALOG_COMPILER_GLOBAL_ACCENT_COLOR_NAME = AccentColor;
				CODE_SIGN_STYLE = Automatic;
				CURRENT_PROJECT_VERSION = 1;
				DEVELOPMENT_ASSET_PATHS = "\"learningiOS15/Preview Content\"";
				DEVELOPMENT_TEAM = 8LYTF5ZZWZ;
				ENABLE_PREVIEWS = YES;
				GENERATE_INFOPLIST_FILE = YES;
				INFOPLIST_KEY_UIApplicationSceneManifest_Generation = YES;
				INFOPLIST_KEY_UIApplicationSupportsIndirectInputEvents = YES;
				INFOPLIST_KEY_UILaunchScreen_Generation = YES;
				INFOPLIST_KEY_UISupportedInterfaceOrientations_iPad = "UIInterfaceOrientationPortrait UIInterfaceOrientationPortraitUpsideDown UIInterfaceOrientationLandscapeLeft UIInterfaceOrientationLandscapeRight";
				INFOPLIST_KEY_UISupportedInterfaceOrientations_iPhone = "UIInterfaceOrientationPortrait UIInterfaceOrientationLandscapeLeft UIInterfaceOrientationLandscapeRight";
				IPHONEOS_DEPLOYMENT_TARGET = 14.0;
				LD_RUNPATH_SEARCH_PATHS = (
					"$(inherited)",
					"@executable_path/Frameworks",
				);
				MARKETING_VERSION = 1.0;
				PRODUCT_BUNDLE_IDENTIFIER = com.bhico.learningiOS15;
				PRODUCT_NAME = "$(TARGET_NAME)";
				SWIFT_EMIT_LOC_STRINGS = YES;
				SWIFT_VERSION = 5.0;
				TARGETED_DEVICE_FAMILY = "1,2";
			};
			name = Debug;
		};
		F63B335227072911004677AD /* Release */ = {
			isa = XCBuildConfiguration;
			buildSettings = {
				ASSETCATALOG_COMPILER_APPICON_NAME = AppIcon;
				ASSETCATALOG_COMPILER_GLOBAL_ACCENT_COLOR_NAME = AccentColor;
				CODE_SIGN_STYLE = Automatic;
				CURRENT_PROJECT_VERSION = 1;
				DEVELOPMENT_ASSET_PATHS = "\"learningiOS15/Preview Content\"";
				DEVELOPMENT_TEAM = 8LYTF5ZZWZ;
				ENABLE_PREVIEWS = YES;
				GENERATE_INFOPLIST_FILE = YES;
				INFOPLIST_KEY_UIApplicationSceneManifest_Generation = YES;
				INFOPLIST_KEY_UIApplicationSupportsIndirectInputEvents = YES;
				INFOPLIST_KEY_UILaunchScreen_Generation = YES;
				INFOPLIST_KEY_UISupportedInterfaceOrientations_iPad = "UIInterfaceOrientationPortrait UIInterfaceOrientationPortraitUpsideDown UIInterfaceOrientationLandscapeLeft UIInterfaceOrientationLandscapeRight";
				INFOPLIST_KEY_UISupportedInterfaceOrientations_iPhone = "UIInterfaceOrientationPortrait UIInterfaceOrientationLandscapeLeft UIInterfaceOrientationLandscapeRight";
				IPHONEOS_DEPLOYMENT_TARGET = 14.0;
				LD_RUNPATH_SEARCH_PATHS = (
					"$(inherited)",
					"@executable_path/Frameworks",
				);
				MARKETING_VERSION = 1.0;
				PRODUCT_BUNDLE_IDENTIFIER = com.bhico.learningiOS15;
				PRODUCT_NAME = "$(TARGET_NAME)";
				SWIFT_EMIT_LOC_STRINGS = YES;
				SWIFT_VERSION = 5.0;
				TARGETED_DEVICE_FAMILY = "1,2";
			};
			name = Release;
		};
/* End XCBuildConfiguration section */

/* Begin XCConfigurationList section */
		F63B333D2707290E004677AD /* Build configuration list for PBXProject "learningiOS15" */ = {
			isa = XCConfigurationList;
			buildConfigurations = (
				F63B334E27072911004677AD /* Debug */,
				F63B334F27072911004677AD /* Release */,
			);
			defaultConfigurationIsVisible = 0;
			defaultConfigurationName = Release;
		};
		F63B335027072911004677AD /* Build configuration list for PBXNativeTarget "learningiOS15" */ = {
			isa = XCConfigurationList;
			buildConfigurations = (
				F63B335127072911004677AD /* Debug */,
				F63B335227072911004677AD /* Release */,
			);
			defaultConfigurationIsVisible = 0;
			defaultConfigurationName = Release;
		};
/* End XCConfigurationList section */
	};
	rootObject = F63B333A2707290E004677AD /* Project object */;
}
